
Microsoft Visual Studio Solution File, Format Version 12.00
# Visual Studio Version 16
VisualStudioVersion = 16.0.30907.101
MinimumVisualStudioVersion = 10.0.40219.1
Project("{FAE04EC0-301F-11D3-BF4B-00C04F79EFBC}") = "Less3", "Less3.csproj", "{9399D8AE-5E33-4DFD-9C9E-69F30983739D}"
EndProject
Global
	GlobalSection(SolutionConfigurationPlatforms) = preSolution
		Debug|Any CPU = Debug|Any CPU
		Release|Any CPU = Release|Any CPU
	EndGlobalSection
	GlobalSection(ProjectConfigurationPlatforms) = postSolution
		{9399D8AE-5E33-4DFD-9C9E-69F30983739D}.Debug|Any CPU.ActiveCfg = Debug|Any CPU
		{9399D8AE-5E33-4DFD-9C9E-69F30983739D}.Debug|Any CPU.Build.0 = Debug|Any CPU
		{9399D8AE-5E33-4DFD-9C9E-69F30983739D}.Release|Any CPU.ActiveCfg = Release|Any CPU
		{9399D8AE-5E33-4DFD-9C9E-69F30983739D}.Release|Any CPU.Build.0 = Release|Any CPU
	EndGlobalSection
	GlobalSection(SolutionProperties) = preSolution
		HideSolutionNode = FALSE
	EndGlobalSection
	GlobalSection(ExtensibilityGlobals) = postSolution
		SolutionGuid = {2FEE41FC-0168-41ED-AEFB-0987BAB4AED0}
	EndGlobalSection
EndGlobal
